// !$*UTF8*$!
{
	archiveVersion = 1;
	classes = {
	};
	objectVersion = 77;
	objects = {

/* Begin PBXContainerItemProxy section */
		001561A22E156ED200E8C4A6 /* PBXContainerItemProxy */ = {
			isa = PBXContainerItemProxy;
			containerPortal = 001561802E156ED100E8C4A6 /* Project object */;
			proxyType = 1;
			remoteGlobalIDString = 001561872E156ED100E8C4A6;
			remoteInfo = CountriesList;
		};
		001561AC2E156ED200E8C4A6 /* PBXContainerItemProxy */ = {
			isa = PBXContainerItemProxy;
			containerPortal = 001561802E156ED100E8C4A6 /* Project object */;
			proxyType = 1;
			remoteGlobalIDString = 001561872E156ED100E8C4A6;
			remoteInfo = CountriesList;
		};
/* End PBXContainerItemProxy section */

/* Begin PBXFileReference section */
		001561882E156ED100E8C4A6 /* CountriesList.app */ = {isa = PBXFileReference; explicitFileType = wrapper.application; includeInIndex = 0; path = CountriesList.app; sourceTree = BUILT_PRODUCTS_DIR; };
		001561A12E156ED200E8C4A6 /* CountriesListTests.xctest */ = {isa = PBXFileReference; explicitFileType = wrapper.cfbundle; includeInIndex = 0; path = CountriesListTests.xctest; sourceTree = BUILT_PRODUCTS_DIR; };
		001561AB2E156ED200E8C4A6 /* CountriesListUITests.xctest */ = {isa = PBXFileReference; explicitFileType = wrapper.cfbundle; includeInIndex = 0; path = CountriesListUITests.xctest; sourceTree = BUILT_PRODUCTS_DIR; };
/* End PBXFileReference section */

/* Begin PBXFileSystemSynchronizedBuildFileExceptionSet section */
		001561B32E156ED200E8C4A6 /* Exceptions for "CountriesList" folder in "CountriesList" target */ = {
			isa = PBXFileSystemSynchronizedBuildFileExceptionSet;
			membershipExceptions = (
				Info.plist,
			);
			target = 001561872E156ED100E8C4A6 /* CountriesList */;
		};
/* End PBXFileSystemSynchronizedBuildFileExceptionSet section */

/* Begin PBXFileSystemSynchronizedRootGroup section */
		0015618A2E156ED100E8C4A6 /* CountriesList */ = {
			isa = PBXFileSystemSynchronizedRootGroup;
			exceptions = (
				001561B32E156ED200E8C4A6 /* Exceptions for "CountriesList" folder in "CountriesList" target */,
			);
			path = CountriesList;
			sourceTree = "<group>";
		};
		001561A42E156ED200E8C4A6 /* CountriesListTests */ = {
			isa = PBXFileSystemSynchronizedRootGroup;
			path = CountriesListTests;
			sourceTree = "<group>";
		};
		001561AE2E156ED200E8C4A6 /* CountriesListUITests */ = {
			isa = PBXFileSystemSynchronizedRootGroup;
			path = CountriesListUITests;
			sourceTree = "<group>";
		};
/* End PBXFileSystemSynchronizedRootGroup section */

/* Begin PBXFrameworksBuildPhase section */
		001561852E156ED100E8C4A6 /* Frameworks */ = {
			isa = PBXFrameworksBuildPhase;
			buildActionMask = 2147483647;
			files = (
			);
			runOnlyForDeploymentPostprocessing = 0;
		};
		0015619E2E156ED200E8C4A6 /* Frameworks */ = {
			isa = PBXFrameworksBuildPhase;
			buildActionMask = 2147483647;
			files = (
			);
			runOnlyForDeploymentPostprocessing = 0;
		};
		001561A82E156ED200E8C4A6 /* Frameworks */ = {
			isa = PBXFrameworksBuildPhase;
			buildActionMask = 2147483647;
			files = (
			);
			runOnlyForDeploymentPostprocessing = 0;
		};
/* End PBXFrameworksBuildPhase section */

/* Begin PBXGroup section */
		0015617F2E156ED100E8C4A6 = {
			isa = PBXGroup;
			children = (
				0015618A2E156ED100E8C4A6 /* CountriesList */,
				001561A42E156ED200E8C4A6 /* CountriesListTests */,
				001561AE2E156ED200E8C4A6 /* CountriesListUITests */,
				001561892E156ED100E8C4A6 /* Products */,
			);
			sourceTree = "<group>";
		};
		001561892E156ED100E8C4A6 /* Products */ = {
			isa = PBXGroup;
			children = (
				001561882E156ED100E8C4A6 /* CountriesList.app */,
				001561A12E156ED200E8C4A6 /* CountriesListTests.xctest */,
				001561AB2E156ED200E8C4A6 /* CountriesListUITests.xctest */,
			);
			name = Products;
			sourceTree = "<group>";
		};
/* End PBXGroup section */

/* Begin PBXNativeTarget section */
		001561872E156ED100E8C4A6 /* CountriesList */ = {
			isa = PBXNativeTarget;
			buildConfigurationList = 001561B42E156ED200E8C4A6 /* Build configuration list for PBXNativeTarget "CountriesList" */;
			buildPhases = (
				001561842E156ED100E8C4A6 /* Sources */,
				001561852E156ED100E8C4A6 /* Frameworks */,
				001561862E156ED100E8C4A6 /* Resources */,
			);
			buildRules = (
			);
			dependencies = (
			);
			fileSystemSynchronizedGroups = (
				0015618A2E156ED100E8C4A6 /* CountriesList */,
			);
			name = CountriesList;
			packageProductDependencies = (
			);
			productName = CountriesList;
			productReference = 001561882E156ED100E8C4A6 /* CountriesList.app */;
			productType = "com.apple.product-type.application";
		};
		001561A02E156ED200E8C4A6 /* CountriesListTests */ = {
			isa = PBXNativeTarget;
			buildConfigurationList = 001561B92E156ED200E8C4A6 /* Build configuration list for PBXNativeTarget "CountriesListTests" */;
			buildPhases = (
				0015619D2E156ED200E8C4A6 /* Sources */,
				0015619E2E156ED200E8C4A6 /* Frameworks */,
				0015619F2E156ED200E8C4A6 /* Resources */,
			);
			buildRules = (
			);
			dependencies = (
				001561A32E156ED200E8C4A6 /* PBXTargetDependency */,
			);
			fileSystemSynchronizedGroups = (
				001561A42E156ED200E8C4A6 /* CountriesListTests */,
			);
			name = CountriesListTests;
			packageProductDependencies = (
			);
			productName = CountriesListTests;
			productReference = 001561A12E156ED200E8C4A6 /* CountriesListTests.xctest */;
			productType = "com.apple.product-type.bundle.unit-test";
		};
		001561AA2E156ED200E8C4A6 /* CountriesListUITests */ = {
			isa = PBXNativeTarget;
			buildConfigurationList = 001561BC2E156ED200E8C4A6 /* Build configuration list for PBXNativeTarget "CountriesListUITests" */;
			buildPhases = (
				001561A72E156ED200E8C4A6 /* Sources */,
				001561A82E156ED200E8C4A6 /* Frameworks */,
				001561A92E156ED200E8C4A6 /* Resources */,
			);
			buildRules = (
			);
			dependencies = (
				001561AD2E156ED200E8C4A6 /* PBXTargetDependency */,
			);
			fileSystemSynchronizedGroups = (
				001561AE2E156ED200E8C4A6 /* CountriesListUITests */,
			);
			name = CountriesListUITests;
			packageProductDependencies = (
			);
			productName = CountriesListUITests;
			productReference = 001561AB2E156ED200E8C4A6 /* CountriesListUITests.xctest */;
			productType = "com.apple.product-type.bundle.ui-testing";
		};
/* End PBXNativeTarget section */

/* Begin PBXProject section */
		001561802E156ED100E8C4A6 /* Project object */ = {
			isa = PBXProject;
			attributes = {
				BuildIndependentTargetsInParallel = 1;
				LastSwiftUpdateCheck = 1630;
				LastUpgradeCheck = 1630;
				TargetAttributes = {
					001561872E156ED100E8C4A6 = {
						CreatedOnToolsVersion = 16.3;
					};
					001561A02E156ED200E8C4A6 = {
						CreatedOnToolsVersion = 16.3;
						TestTargetID = 001561872E156ED100E8C4A6;
					};
					001561AA2E156ED200E8C4A6 = {
						CreatedOnToolsVersion = 16.3;
						TestTargetID = 001561872E156ED100E8C4A6;
					};
				};
			};
			buildConfigurationList = 001561832E156ED100E8C4A6 /* Build configuration list for PBXProject "CountriesList" */;
			developmentRegion = en;
			hasScannedForEncodings = 0;
			knownRegions = (
				en,
				Base,
			);
			mainGroup = 0015617F2E156ED100E8C4A6;
			minimizedProjectReferenceProxies = 1;
			preferredProjectObjectVersion = 77;
			productRefGroup = 001561892E156ED100E8C4A6 /* Products */;
			projectDirPath = "";
			projectRoot = "";
			targets = (
				001561872E156ED100E8C4A6 /* CountriesList */,
				001561A02E156ED200E8C4A6 /* CountriesListTests */,
				001561AA2E156ED200E8C4A6 /* CountriesListUITests */,
			);
		};
/* End PBXProject section */

/* Begin PBXResourcesBuildPhase section */
		001561862E156ED100E8C4A6 /* Resources */ = {
			isa = PBXResourcesBuildPhase;
			buildActionMask = 2147483647;
			files = (
			);
			runOnlyForDeploymentPostprocessing = 0;
		};
		0015619F2E156ED200E8C4A6 /* Resources */ = {
			isa = PBXResourcesBuildPhase;
			buildActionMask = 2147483647;
			files = (
			);
			runOnlyForDeploymentPostprocessing = 0;
		};
		001561A92E156ED200E8C4A6 /* Resources */ = {
			isa = PBXResourcesBuildPhase;
			buildActionMask = 2147483647;
			files = (
			);
			runOnlyForDeploymentPostprocessing = 0;
		};
/* End PBXResourcesBuildPhase section */

/* Begin PBXSourcesBuildPhase section */
		001561842E156ED100E8C4A6 /* Sources */ = {
			isa = PBXSourcesBuildPhase;
			buildActionMask = 2147483647;
			files = (
			);
			runOnlyForDeploymentPostprocessing = 0;
		};
		0015619D2E156ED200E8C4A6 /* Sources */ = {
			isa = PBXSourcesBuildPhase;
			buildActionMask = 2147483647;
			files = (
			);
			runOnlyForDeploymentPostprocessing = 0;
		};
		001561A72E156ED200E8C4A6 /* Sources */ = {
			isa = PBXSourcesBuildPhase;
			buildActionMask = 2147483647;
			files = (
			);
			runOnlyForDeploymentPostprocessing = 0;
		};
/* End PBXSourcesBuildPhase section */

/* Begin PBXTargetDependency section */
		001561A32E156ED200E8C4A6 /* PBXTargetDependency */ = {
			isa = PBXTargetDependency;
			target = 001561872E156ED100E8C4A6 /* CountriesList */;
			targetProxy = 001561A22E156ED200E8C4A6 /* PBXContainerItemProxy */;
		};
		001561AD2E156ED200E8C4A6 /* PBXTargetDependency */ = {
			isa = PBXTargetDependency;
			target = 001561872E156ED100E8C4A6 /* CountriesList */;
			targetProxy = 001561AC2E156ED200E8C4A6 /* PBXContainerItemProxy */;
		};
/* End PBXTargetDependency section */

/* Begin XCBuildConfiguration section */
		001561B52E156ED200E8C4A6 /* Debug */ = {
			isa = XCBuildConfiguration;
			buildSettings = {
				ASSETCATALOG_COMPILER_APPICON_NAME = AppIcon;
				ASSETCATALOG_COMPILER_GLOBAL_ACCENT_COLOR_NAME = AccentColor;
				CODE_SIGN_STYLE = Automatic;
				CURRENT_PROJECT_VERSION = 1;
				GENERATE_INFOPLIST_FILE = YES;
				INFOPLIST_FILE = CountriesList/Info.plist;
				INFOPLIST_KEY_UIApplicationSupportsIndirectInputEvents = YES;
				INFOPLIST_KEY_UILaunchStoryboardName = LaunchScreen;
				INFOPLIST_KEY_UIMainStoryboardFile = Main;
				INFOPLIST_KEY_UISupportedInterfaceOrientations_iPad = "UIInterfaceOrientationPortrait UIInterfaceOrientationPortraitUpsideDown UIInterfaceOrientationLandscapeLeft UIInterfaceOrientationLandscapeRight";
				INFOPLIST_KEY_UISupportedInterfaceOrientations_iPhone = "UIInterfaceOrientationPortrait UIInterfaceOrientationLandscapeLeft UIInterfaceOrientationLandscapeRight";
				LD_RUNPATH_SEARCH_PATHS = (
					"$(inherited)",
					"@executable_path/Frameworks",
				);
				MARKETING_VERSION = 1.0;
				PRODUCT_BUNDLE_IDENTIFIER = com.UIKit.CountriesList;
				PRODUCT_NAME = "$(TARGET_NAME)";
				SWIFT_EMIT_LOC_STRINGS = YES;
				SWIFT_VERSION = 5.0;
				TARGETED_DEVICE_FAMILY = "1,2";
			};
			name = Debug;
		};
		001561B62E156ED200E8C4A6 /* Release */ = {
			isa = XCBuildConfiguration;
			buildSettings = {
				ASSETCATALOG_COMPILER_APPICON_NAME = AppIcon;
				ASSETCATALOG_COMPILER_GLOBAL_ACCENT_COLOR_NAME = AccentColor;
				CODE_SIGN_STYLE = Automatic;
				CURRENT_PROJECT_VERSION = 1;
				GENERATE_INFOPLIST_FILE = YES;
				INFOPLIST_FILE = CountriesList/Info.plist;
				INFOPLIST_KEY_UIApplicationSupportsIndirectInputEvents = YES;
				INFOPLIST_KEY_UILaunchStoryboardName = LaunchScreen;
				INFOPLIST_KEY_UIMainStoryboardFile = Main;
				INFOPLIST_KEY_UISupportedInterfaceOrientations_iPad = "UIInterfaceOrientationPortrait UIInterfaceOrientationPortraitUpsideDown UIInterfaceOrientationLandscapeLeft UIInterfaceOrientationLandscapeRight";
				INFOPLIST_KEY_UISupportedInterfaceOrientations_iPhone = "UIInterfaceOrientationPortrait UIInterfaceOrientationLandscapeLeft UIInterfaceOrientationLandscapeRight";
				LD_RUNPATH_SEARCH_PATHS = (
					"$(inherited)",
					"@executable_path/Frameworks",
				);
				MARKETING_VERSION = 1.0;
				PRODUCT_BUNDLE_IDENTIFIER = com.UIKit.CountriesList;
				PRODUCT_NAME = "$(TARGET_NAME)";
				SWIFT_EMIT_LOC_STRINGS = YES;
				SWIFT_VERSION = 5.0;
				TARGETED_DEVICE_FAMILY = "1,2";
			};
			name = Release;
		};
		001561B72E156ED200E8C4A6 /* Debug */ = {
			isa = XCBuildConfiguration;
			buildSettings = {
				ALWAYS_SEARCH_USER_PATHS = NO;
				ASSETCATALOG_COMPILER_GENERATE_SWIFT_ASSET_SYMBOL_EXTENSIONS = YES;
				CLANG_ANALYZER_NONNULL = YES;
				CLANG_ANALYZER_NUMBER_OBJECT_CONVERSION = YES_AGGRESSIVE;
				CLANG_CXX_LANGUAGE_STANDARD = "gnu++20";
				CLANG_ENABLE_MODULES = YES;
				CLANG_ENABLE_OBJC_ARC = YES;
				CLANG_ENABLE_OBJC_WEAK = YES;
				CLANG_WARN_BLOCK_CAPTURE_AUTORELEASING = YES;
				CLANG_WARN_BOOL_CONVERSION = YES;
				CLANG_WARN_COMMA = YES;
				CLANG_WARN_CONSTANT_CONVERSION = YES;
				CLANG_WARN_DEPRECATED_OBJC_IMPLEMENTATIONS = YES;
				CLANG_WARN_DIRECT_OBJC_ISA_USAGE = YES_ERROR;
				CLANG_WARN_DOCUMENTATION_COMMENTS = YES;
				CLANG_WARN_EMPTY_BODY = YES;
				CLANG_WARN_ENUM_CONVERSION = YES;
				CLANG_WARN_INFINITE_RECURSION = YES;
				CLANG_WARN_INT_CONVERSION = YES;
				CLANG_WARN_NON_LITERAL_NULL_CONVERSION = YES;
				CLANG_WARN_OBJC_IMPLICIT_RETAIN_SELF = YES;
				CLANG_WARN_OBJC_LITERAL_CONVERSION = YES;
				CLANG_WARN_OBJC_ROOT_CLASS = YES_ERROR;
				CLANG_WARN_QUOTED_INCLUDE_IN_FRAMEWORK_HEADER = YES;
				CLANG_WARN_RANGE_LOOP_ANALYSIS = YES;
				CLANG_WARN_STRICT_PROTOTYPES = YES;
				CLANG_WARN_SUSPICIOUS_MOVE = YES;
				CLANG_WARN_UNGUARDED_AVAILABILITY = YES_AGGRESSIVE;
				CLANG_WARN_UNREACHABLE_CODE = YES;
				CLANG_WARN__DUPLICATE_METHOD_MATCH = YES;
				COPY_PHASE_STRIP = NO;
				DEBUG_INFORMATION_FORMAT = dwarf;
				ENABLE_STRICT_OBJC_MSGSEND = YES;
				ENABLE_TESTABILITY = YES;
				ENABLE_USER_SCRIPT_SANDBOXING = YES;
				GCC_C_LANGUAGE_STANDARD = gnu17;
				GCC_DYNAMIC_NO_PIC = NO;
				GCC_NO_COMMON_BLOCKS = YES;
				GCC_OPTIMIZATION_LEVEL = 0;
				GCC_PREPROCESSOR_DEFINITIONS = (
					"DEBUG=1",
					"$(inherited)",
				);
				GCC_WARN_64_TO_32_BIT_CONVERSION = YES;
				GCC_WARN_ABOUT_RETURN_TYPE = YES_ERROR;
				GCC_WARN_UNDECLARED_SELECTOR = YES;
				GCC_WARN_UNINITIALIZED_AUTOS = YES_AGGRESSIVE;
				GCC_WARN_UNUSED_FUNCTION = YES;
				GCC_WARN_UNUSED_VARIABLE = YES;
				IPHONEOS_DEPLOYMENT_TARGET = 18.4;
				LOCALIZATION_PREFERS_STRING_CATALOGS = YES;
				MTL_ENABLE_DEBUG_INFO = INCLUDE_SOURCE;
				MTL_FAST_MATH = YES;
				ONLY_ACTIVE_ARCH = YES;
				SDKROOT = iphoneos;
				SWIFT_ACTIVE_COMPILATION_CONDITIONS = "DEBUG $(inherited)";
				SWIFT_OPTIMIZATION_LEVEL = "-Onone";
			};
			name = Debug;
		};
		001561B82E156ED200E8C4A6 /* Release */ = {
			isa = XCBuildConfiguration;
			buildSettings = {
				ALWAYS_SEARCH_USER_PATHS = NO;
				ASSETCATALOG_COMPILER_GENERATE_SWIFT_ASSET_SYMBOL_EXTENSIONS = YES;
				CLANG_ANALYZER_NONNULL = YES;
				CLANG_ANALYZER_NUMBER_OBJECT_CONVERSION = YES_AGGRESSIVE;
				CLANG_CXX_LANGUAGE_STANDARD = "gnu++20";
				CLANG_ENABLE_MODULES = YES;
				CLANG_ENABLE_OBJC_ARC = YES;
				CLANG_ENABLE_OBJC_WEAK = YES;
				CLANG_WARN_BLOCK_CAPTURE_AUTORELEASING = YES;
				CLANG_WARN_BOOL_CONVERSION = YES;
				CLANG_WARN_COMMA = YES;
				CLANG_WARN_CONSTANT_CONVERSION = YES;
				CLANG_WARN_DEPRECATED_OBJC_IMPLEMENTATIONS = YES;
				CLANG_WARN_DIRECT_OBJC_ISA_USAGE = YES_ERROR;
				CLANG_WARN_DOCUMENTATION_COMMENTS = YES;
				CLANG_WARN_EMPTY_BODY = YES;
				CLANG_WARN_ENUM_CONVERSION = YES;
				CLANG_WARN_INFINITE_RECURSION = YES;
				CLANG_WARN_INT_CONVERSION = YES;
				CLANG_WARN_NON_LITERAL_NULL_CONVERSION = YES;
				CLANG_WARN_OBJC_IMPLICIT_RETAIN_SELF = YES;
				CLANG_WARN_OBJC_LITERAL_CONVERSION = YES;
				CLANG_WARN_OBJC_ROOT_CLASS = YES_ERROR;
				CLANG_WARN_QUOTED_INCLUDE_IN_FRAMEWORK_HEADER = YES;
				CLANG_WARN_RANGE_LOOP_ANALYSIS = YES;
				CLANG_WARN_STRICT_PROTOTYPES = YES;
				CLANG_WARN_SUSPICIOUS_MOVE = YES;
				CLANG_WARN_UNGUARDED_AVAILABILITY = YES_AGGRESSIVE;
				CLANG_WARN_UNREACHABLE_CODE = YES;
				CLANG_WARN__DUPLICATE_METHOD_MATCH = YES;
				COPY_PHASE_STRIP = NO;
				DEBUG_INFORMATION_FORMAT = "dwarf-with-dsym";
				ENABLE_NS_ASSERTIONS = NO;
				ENABLE_STRICT_OBJC_MSGSEND = YES;
				ENABLE_USER_SCRIPT_SANDBOXING = YES;
				GCC_C_LANGUAGE_STANDARD = gnu17;
				GCC_NO_COMMON_BLOCKS = YES;
				GCC_WARN_64_TO_32_BIT_CONVERSION = YES;
				GCC_WARN_ABOUT_RETURN_TYPE = YES_ERROR;
				GCC_WARN_UNDECLARED_SELECTOR = YES;
				GCC_WARN_UNINITIALIZED_AUTOS = YES_AGGRESSIVE;
				GCC_WARN_UNUSED_FUNCTION = YES;
				GCC_WARN_UNUSED_VARIABLE = YES;
				IPHONEOS_DEPLOYMENT_TARGET = 18.4;
				LOCALIZATION_PREFERS_STRING_CATALOGS = YES;
				MTL_ENABLE_DEBUG_INFO = NO;
				MTL_FAST_MATH = YES;
				SDKROOT = iphoneos;
				SWIFT_COMPILATION_MODE = wholemodule;
				VALIDATE_PRODUCT = YES;
			};
			name = Release;
		};
		001561BA2E156ED200E8C4A6 /* Debug */ = {
			isa = XCBuildConfiguration;
			buildSettings = {
				BUNDLE_LOADER = "$(TEST_HOST)";
				CODE_SIGN_STYLE = Automatic;
				CURRENT_PROJECT_VERSION = 1;
				GENERATE_INFOPLIST_FILE = YES;
				IPHONEOS_DEPLOYMENT_TARGET = 18.4;
				MARKETING_VERSION = 1.0;
				PRODUCT_BUNDLE_IDENTIFIER = com.UIKit.CountriesListTests;
				PRODUCT_NAME = "$(TARGET_NAME)";
				SWIFT_EMIT_LOC_STRINGS = NO;
				SWIFT_VERSION = 5.0;
				TARGETED_DEVICE_FAMILY = "1,2";
				TEST_HOST = "$(BUILT_PRODUCTS_DIR)/CountriesList.app/$(BUNDLE_EXECUTABLE_FOLDER_PATH)/CountriesList";
			};
			name = Debug;
		};
		001561BB2E156ED200E8C4A6 /* Release */ = {
			isa = XCBuildConfiguration;
			buildSettings = {
				BUNDLE_LOADER = "$(TEST_HOST)";
				CODE_SIGN_STYLE = Automatic;
				CURRENT_PROJECT_VERSION = 1;
				GENERATE_INFOPLIST_FILE = YES;
				IPHONEOS_DEPLOYMENT_TARGET = 18.4;
				MARKETING_VERSION = 1.0;
				PRODUCT_BUNDLE_IDENTIFIER = com.UIKit.CountriesListTests;
				PRODUCT_NAME = "$(TARGET_NAME)";
				SWIFT_EMIT_LOC_STRINGS = NO;
				SWIFT_VERSION = 5.0;
				TARGETED_DEVICE_FAMILY = "1,2";
				TEST_HOST = "$(BUILT_PRODUCTS_DIR)/CountriesList.app/$(BUNDLE_EXECUTABLE_FOLDER_PATH)/CountriesList";
			};
			name = Release;
		};
		001561BD2E156ED200E8C4A6 /* Debug */ = {
			isa = XCBuildConfiguration;
			buildSettings = {
				CODE_SIGN_STYLE = Automatic;
				CURRENT_PROJECT_VERSION = 1;
				GENERATE_INFOPLIST_FILE = YES;
				MARKETING_VERSION = 1.0;
				PRODUCT_BUNDLE_IDENTIFIER = com.UIKit.CountriesListUITests;
				PRODUCT_NAME = "$(TARGET_NAME)";
				SWIFT_EMIT_LOC_STRINGS = NO;
				SWIFT_VERSION = 5.0;
				TARGETED_DEVICE_FAMILY = "1,2";
				TEST_TARGET_NAME = CountriesList;
			};
			name = Debug;
		};
		001561BE2E156ED200E8C4A6 /* Release */ = {
			isa = XCBuildConfiguration;
			buildSettings = {
				CODE_SIGN_STYLE = Automatic;
				CURRENT_PROJECT_VERSION = 1;
				GENERATE_INFOPLIST_FILE = YES;
				MARKETING_VERSION = 1.0;
				PRODUCT_BUNDLE_IDENTIFIER = com.UIKit.CountriesListUITests;
				PRODUCT_NAME = "$(TARGET_NAME)";
				SWIFT_EMIT_LOC_STRINGS = NO;
				SWIFT_VERSION = 5.0;
				TARGETED_DEVICE_FAMILY = "1,2";
				TEST_TARGET_NAME = CountriesList;
			};
			name = Release;
		};
/* End XCBuildConfiguration section */

/* Begin XCConfigurationList section */
		001561832E156ED100E8C4A6 /* Build configuration list for PBXProject "CountriesList" */ = {
			isa = XCConfigurationList;
			buildConfigurations = (
				001561B72E156ED200E8C4A6 /* Debug */,
				001561B82E156ED200E8C4A6 /* Release */,
			);
			defaultConfigurationIsVisible = 0;
			defaultConfigurationName = Release;
		};
		001561B42E156ED200E8C4A6 /* Build configuration list for PBXNativeTarget "CountriesList" */ = {
			isa = XCConfigurationList;
			buildConfigurations = (
				001561B52E156ED200E8C4A6 /* Debug */,
				001561B62E156ED200E8C4A6 /* Release */,
			);
			defaultConfigurationIsVisible = 0;
			defaultConfigurationName = Release;
		};
		001561B92E156ED200E8C4A6 /* Build configuration list for PBXNativeTarget "CountriesListTests" */ = {
			isa = XCConfigurationList;
			buildConfigurations = (
				001561BA2E156ED200E8C4A6 /* Debug */,
				001561BB2E156ED200E8C4A6 /* Release */,
			);
			defaultConfigurationIsVisible = 0;
			defaultConfigurationName = Release;
		};
		001561BC2E156ED200E8C4A6 /* Build configuration list for PBXNativeTarget "CountriesListUITests" */ = {
			isa = XCConfigurationList;
			buildConfigurations = (
				001561BD2E156ED200E8C4A6 /* Debug */,
				001561BE2E156ED200E8C4A6 /* Release */,
			);
			defaultConfigurationIsVisible = 0;
			defaultConfigurationName = Release;
		};
/* End XCConfigurationList section */
	};
	rootObject = 001561802E156ED100E8C4A6 /* Project object */;
}
